{"is_source_file": true, "file_id": 27, "git_revision": "8dbcc0a7e5c9b57af62a874b349b762b4358d627", "state": 1, "description": "", "external_files": [], "external_methods": [], "published": [], "classes": [], "methods": [], "calls": [], "search-terms": [], "filename": "/home/kavia/workspace/code-generation/breatheease-15886-5d32db84/breatheelapse/post_process_status.lock", "hash": "e9b4c3b42cef0193b7fddb548d37e652", "format-version": 4, "code-base-name": "default", "knowledge_revision": 60}